
Microsoft Visual Studio Solution File, Format Version 12.00
# Visual Studio Version 16
VisualStudioVersion = 16.0.30517.126
MinimumVisualStudioVersion = 10.0.40219.1
Project("{9A19103F-16F7-4668-BE54-9A1E7A4F7556}") = "TextShift", "TextLineFixer\TextShift.csproj", "{8F426BE0-23C5-4F63-8A0B-46DE9013B103}"
EndProject
Global
	GlobalSection(SolutionConfigurationPlatforms) = preSolution
		Debug|Any CPU = Debug|Any CPU
		Release|Any CPU = Release|Any CPU
	EndGlobalSection
	GlobalSection(ProjectConfigurationPlatforms) = postSolution
		{8F426BE0-23C5-4F63-8A0B-46DE9013B103}.Debug|Any CPU.ActiveCfg = Debug|Any CPU
		{8F426BE0-23C5-4F63-8A0B-46DE9013B103}.Debug|Any CPU.Build.0 = Debug|Any CPU
		{8F426BE0-23C5-4F63-8A0B-46DE9013B103}.Release|Any CPU.ActiveCfg = Release|Any CPU
		{8F426BE0-23C5-4F63-8A0B-46DE9013B103}.Release|Any CPU.Build.0 = Release|Any CPU
	EndGlobalSection
	GlobalSection(SolutionProperties) = preSolution
		HideSolutionNode = FALSE
	EndGlobalSection
	GlobalSection(ExtensibilityGlobals) = postSolution
		SolutionGuid = {79C3D565-B56C-47A0-99C0-D4E0C0F05CF8}
	EndGlobalSection
EndGlobal
